
Microsoft Visual Studio Solution File, Format Version 12.00
# Visual Studio 15
VisualStudioVersion = 15.0.27428.1
MinimumVisualStudioVersion = 10.0.40219.1
Project("{FAE04EC0-301F-11D3-BF4B-00C04F79EFBC}") = "WebApplication2", "WebApplication2\WebApplication2.csproj", "{EF8A1452-0B8E-4CCB-8477-5F68756D82DA}"
EndProject
Global
	GlobalSection(Performance) = preSolution
		HasPerformanceSessions = true
	EndGlobalSection
	GlobalSection(SolutionConfigurationPlatforms) = preSolution
		Debug|Any CPU = Debug|Any CPU
		Release|Any CPU = Release|Any CPU
	EndGlobalSection
	GlobalSection(ProjectConfigurationPlatforms) = postSolution
		{EF8A1452-0B8E-4CCB-8477-5F68756D82DA}.Debug|Any CPU.ActiveCfg = Debug|Any CPU
		{EF8A1452-0B8E-4CCB-8477-5F68756D82DA}.Debug|Any CPU.Build.0 = Debug|Any CPU
		{EF8A1452-0B8E-4CCB-8477-5F68756D82DA}.Release|Any CPU.ActiveCfg = Release|Any CPU
		{EF8A1452-0B8E-4CCB-8477-5F68756D82DA}.Release|Any CPU.Build.0 = Release|Any CPU
	EndGlobalSection
	GlobalSection(SolutionProperties) = preSolution
		HideSolutionNode = FALSE
	EndGlobalSection
	GlobalSection(ExtensibilityGlobals) = postSolution
		SolutionGuid = {46E22A97-2F57-4CA6-9B7F-262A630F4C29}
	EndGlobalSection
EndGlobal
